
Microsoft Visual Studio Solution File, Format Version 12.00
# Visual Studio 15
VisualStudioVersion = 15.0.28307.271
MinimumVisualStudioVersion = 10.0.40219.1
Project("{FAE04EC0-301F-11D3-BF4B-00C04F79EFBC}") = "Data-Structures-Classes", "Data-Structures-Classes\Data-Structures-Classes.csproj", "{356CD2D0-48D9-43DD-915E-8595A988DA7B}"
EndProject
Project("{FAE04EC0-301F-11D3-BF4B-00C04F79EFBC}") = "Data-Structures-Tests", "Data-Structures-Tests\Data-Structures-Tests.csproj", "{B6FF5FBB-7518-4347-8BB3-11819E64750D}"
EndProject
Global
	GlobalSection(SolutionConfigurationPlatforms) = preSolution
		Debug|Any CPU = Debug|Any CPU
		Release|Any CPU = Release|Any CPU
	EndGlobalSection
	GlobalSection(ProjectConfigurationPlatforms) = postSolution
		{356CD2D0-48D9-43DD-915E-8595A988DA7B}.Debug|Any CPU.ActiveCfg = Debug|Any CPU
		{356CD2D0-48D9-43DD-915E-8595A988DA7B}.Debug|Any CPU.Build.0 = Debug|Any CPU
		{356CD2D0-48D9-43DD-915E-8595A988DA7B}.Release|Any CPU.ActiveCfg = Release|Any CPU
		{356CD2D0-48D9-43DD-915E-8595A988DA7B}.Release|Any CPU.Build.0 = Release|Any CPU
		{B6FF5FBB-7518-4347-8BB3-11819E64750D}.Debug|Any CPU.ActiveCfg = Debug|Any CPU
		{B6FF5FBB-7518-4347-8BB3-11819E64750D}.Debug|Any CPU.Build.0 = Debug|Any CPU
		{B6FF5FBB-7518-4347-8BB3-11819E64750D}.Release|Any CPU.ActiveCfg = Release|Any CPU
		{B6FF5FBB-7518-4347-8BB3-11819E64750D}.Release|Any CPU.Build.0 = Release|Any CPU
	EndGlobalSection
	GlobalSection(SolutionProperties) = preSolution
		HideSolutionNode = FALSE
	EndGlobalSection
	GlobalSection(ExtensibilityGlobals) = postSolution
		SolutionGuid = {857905C2-E30D-46C5-B8FB-E87A63CBCB6D}
	EndGlobalSection
EndGlobal
